// !$*UTF8*$!
{
	archiveVersion = 1;
	classes = {
	};
	objectVersion = 56;
	objects = {

/* Begin PBXBuildFile section */
		1CDAF1FD29A6587600842AF8 /* AppDelegate.swift in Sources */ = {isa = PBXBuildFile; fileRef = 1CDAF1FC29A6587600842AF8 /* AppDelegate.swift */; };
		1CDAF1FF29A6587600842AF8 /* SceneDelegate.swift in Sources */ = {isa = PBXBuildFile; fileRef = 1CDAF1FE29A6587600842AF8 /* SceneDelegate.swift */; };
		1CDAF20129A6587600842AF8 /* ViewController.swift in Sources */ = {isa = PBXBuildFile; fileRef = 1CDAF20029A6587600842AF8 /* ViewController.swift */; };
		1CDAF20429A6587600842AF8 /* Main.storyboard in Resources */ = {isa = PBXBuildFile; fileRef = 1CDAF20229A6587600842AF8 /* Main.storyboard */; };
		1CDAF20629A6587700842AF8 /* Assets.xcassets in Resources */ = {isa = PBXBuildFile; fileRef = 1CDAF20529A6587700842AF8 /* Assets.xcassets */; };
		1CDAF20929A6587700842AF8 /* LaunchScreen.storyboard in Resources */ = {isa = PBXBuildFile; fileRef = 1CDAF20729A6587700842AF8 /* LaunchScreen.storyboard */; };
		1CDAF21429A6587700842AF8 /* TMoviesTests.swift in Sources */ = {isa = PBXBuildFile; fileRef = 1CDAF21329A6587700842AF8 /* TMoviesTests.swift */; };
		1CDAF21E29A6587800842AF8 /* TMoviesUITests.swift in Sources */ = {isa = PBXBuildFile; fileRef = 1CDAF21D29A6587800842AF8 /* TMoviesUITests.swift */; };
		1CDAF22029A6587800842AF8 /* TMoviesUITestsLaunchTests.swift in Sources */ = {isa = PBXBuildFile; fileRef = 1CDAF21F29A6587800842AF8 /* TMoviesUITestsLaunchTests.swift */; };
		1CDAF23329A6692600842AF8 /* ContainerController.swift in Sources */ = {isa = PBXBuildFile; fileRef = 1CDAF23229A6692600842AF8 /* ContainerController.swift */; };
		1CDAF23529A6693600842AF8 /* HomeController.swift in Sources */ = {isa = PBXBuildFile; fileRef = 1CDAF23429A6693600842AF8 /* HomeController.swift */; };
		1CDE375B29A76A4100B2016D /* Protocols.swift in Sources */ = {isa = PBXBuildFile; fileRef = 1CDE375A29A76A4100B2016D /* Protocols.swift */; };
		1CDE376029A7A27800B2016D /* SideMenuViewController.swift in Sources */ = {isa = PBXBuildFile; fileRef = 1CDE375E29A7A27800B2016D /* SideMenuViewController.swift */; };
		1CDE376129A7A27800B2016D /* SideMenuViewController.xib in Resources */ = {isa = PBXBuildFile; fileRef = 1CDE375F29A7A27800B2016D /* SideMenuViewController.xib */; };
		1CDE376629A7AABA00B2016D /* SideMenuCell.swift in Sources */ = {isa = PBXBuildFile; fileRef = 1CDE376429A7AABA00B2016D /* SideMenuCell.swift */; };
		1CDE376729A7AABA00B2016D /* SideMenuCell.xib in Resources */ = {isa = PBXBuildFile; fileRef = 1CDE376529A7AABA00B2016D /* SideMenuCell.xib */; };
		1CDE376929A7B5B100B2016D /* MenuOptionItem.swift in Sources */ = {isa = PBXBuildFile; fileRef = 1CDE376829A7B5B100B2016D /* MenuOptionItem.swift */; };
		1CDE376C29A81FCD00B2016D /* Constants.swift in Sources */ = {isa = PBXBuildFile; fileRef = 1CDE376B29A81FCD00B2016D /* Constants.swift */; };
/* End PBXBuildFile section */

/* Begin PBXContainerItemProxy section */
		1CDAF21029A6587700842AF8 /* PBXContainerItemProxy */ = {
			isa = PBXContainerItemProxy;
			containerPortal = 1CDAF1F129A6587600842AF8 /* Project object */;
			proxyType = 1;
			remoteGlobalIDString = 1CDAF1F829A6587600842AF8;
			remoteInfo = TMovies;
		};
		1CDAF21A29A6587800842AF8 /* PBXContainerItemProxy */ = {
			isa = PBXContainerItemProxy;
			containerPortal = 1CDAF1F129A6587600842AF8 /* Project object */;
			proxyType = 1;
			remoteGlobalIDString = 1CDAF1F829A6587600842AF8;
			remoteInfo = TMovies;
		};
/* End PBXContainerItemProxy section */

/* Begin PBXFileReference section */
		1CDAF1F929A6587600842AF8 /* TMovies.app */ = {isa = PBXFileReference; explicitFileType = wrapper.application; includeInIndex = 0; path = TMovies.app; sourceTree = BUILT_PRODUCTS_DIR; };
		1CDAF1FC29A6587600842AF8 /* AppDelegate.swift */ = {isa = PBXFileReference; lastKnownFileType = sourcecode.swift; path = AppDelegate.swift; sourceTree = "<group>"; };
		1CDAF1FE29A6587600842AF8 /* SceneDelegate.swift */ = {isa = PBXFileReference; lastKnownFileType = sourcecode.swift; path = SceneDelegate.swift; sourceTree = "<group>"; };
		1CDAF20029A6587600842AF8 /* ViewController.swift */ = {isa = PBXFileReference; lastKnownFileType = sourcecode.swift; path = ViewController.swift; sourceTree = "<group>"; };
		1CDAF20329A6587600842AF8 /* Base */ = {isa = PBXFileReference; lastKnownFileType = file.storyboard; name = Base; path = Base.lproj/Main.storyboard; sourceTree = "<group>"; };
		1CDAF20529A6587700842AF8 /* Assets.xcassets */ = {isa = PBXFileReference; lastKnownFileType = folder.assetcatalog; path = Assets.xcassets; sourceTree = "<group>"; };
		1CDAF20829A6587700842AF8 /* Base */ = {isa = PBXFileReference; lastKnownFileType = file.storyboard; name = Base; path = Base.lproj/LaunchScreen.storyboard; sourceTree = "<group>"; };
		1CDAF20A29A6587700842AF8 /* Info.plist */ = {isa = PBXFileReference; lastKnownFileType = text.plist.xml; path = Info.plist; sourceTree = "<group>"; };
		1CDAF20F29A6587700842AF8 /* TMoviesTests.xctest */ = {isa = PBXFileReference; explicitFileType = wrapper.cfbundle; includeInIndex = 0; path = TMoviesTests.xctest; sourceTree = BUILT_PRODUCTS_DIR; };
		1CDAF21329A6587700842AF8 /* TMoviesTests.swift */ = {isa = PBXFileReference; lastKnownFileType = sourcecode.swift; path = TMoviesTests.swift; sourceTree = "<group>"; };
		1CDAF21929A6587800842AF8 /* TMoviesUITests.xctest */ = {isa = PBXFileReference; explicitFileType = wrapper.cfbundle; includeInIndex = 0; path = TMoviesUITests.xctest; sourceTree = BUILT_PRODUCTS_DIR; };
		1CDAF21D29A6587800842AF8 /* TMoviesUITests.swift */ = {isa = PBXFileReference; lastKnownFileType = sourcecode.swift; path = TMoviesUITests.swift; sourceTree = "<group>"; };
		1CDAF21F29A6587800842AF8 /* TMoviesUITestsLaunchTests.swift */ = {isa = PBXFileReference; lastKnownFileType = sourcecode.swift; path = TMoviesUITestsLaunchTests.swift; sourceTree = "<group>"; };
		1CDAF23229A6692600842AF8 /* ContainerController.swift */ = {isa = PBXFileReference; lastKnownFileType = sourcecode.swift; path = ContainerController.swift; sourceTree = "<group>"; };
		1CDAF23429A6693600842AF8 /* HomeController.swift */ = {isa = PBXFileReference; lastKnownFileType = sourcecode.swift; path = HomeController.swift; sourceTree = "<group>"; };
		1CDE375A29A76A4100B2016D /* Protocols.swift */ = {isa = PBXFileReference; lastKnownFileType = sourcecode.swift; path = Protocols.swift; sourceTree = "<group>"; };
		1CDE375E29A7A27800B2016D /* SideMenuViewController.swift */ = {isa = PBXFileReference; lastKnownFileType = sourcecode.swift; path = SideMenuViewController.swift; sourceTree = "<group>"; };
		1CDE375F29A7A27800B2016D /* SideMenuViewController.xib */ = {isa = PBXFileReference; lastKnownFileType = file.xib; path = SideMenuViewController.xib; sourceTree = "<group>"; };
		1CDE376429A7AABA00B2016D /* SideMenuCell.swift */ = {isa = PBXFileReference; lastKnownFileType = sourcecode.swift; path = SideMenuCell.swift; sourceTree = "<group>"; };
		1CDE376529A7AABA00B2016D /* SideMenuCell.xib */ = {isa = PBXFileReference; lastKnownFileType = file.xib; path = SideMenuCell.xib; sourceTree = "<group>"; };
		1CDE376829A7B5B100B2016D /* MenuOptionItem.swift */ = {isa = PBXFileReference; lastKnownFileType = sourcecode.swift; path = MenuOptionItem.swift; sourceTree = "<group>"; };
		1CDE376B29A81FCD00B2016D /* Constants.swift */ = {isa = PBXFileReference; lastKnownFileType = sourcecode.swift; path = Constants.swift; sourceTree = "<group>"; };
/* End PBXFileReference section */

/* Begin PBXFrameworksBuildPhase section */
		1CDAF1F629A6587600842AF8 /* Frameworks */ = {
			isa = PBXFrameworksBuildPhase;
			buildActionMask = 2147483647;
			files = (
			);
			runOnlyForDeploymentPostprocessing = 0;
		};
		1CDAF20C29A6587700842AF8 /* Frameworks */ = {
			isa = PBXFrameworksBuildPhase;
			buildActionMask = 2147483647;
			files = (
			);
			runOnlyForDeploymentPostprocessing = 0;
		};
		1CDAF21629A6587800842AF8 /* Frameworks */ = {
			isa = PBXFrameworksBuildPhase;
			buildActionMask = 2147483647;
			files = (
			);
			runOnlyForDeploymentPostprocessing = 0;
		};
/* End PBXFrameworksBuildPhase section */

/* Begin PBXGroup section */
		1CDAF1F029A6587600842AF8 = {
			isa = PBXGroup;
			children = (
				1CDAF1FB29A6587600842AF8 /* TMovies */,
				1CDAF21229A6587700842AF8 /* TMoviesTests */,
				1CDAF21C29A6587800842AF8 /* TMoviesUITests */,
				1CDAF1FA29A6587600842AF8 /* Products */,
			);
			sourceTree = "<group>";
		};
		1CDAF1FA29A6587600842AF8 /* Products */ = {
			isa = PBXGroup;
			children = (
				1CDAF1F929A6587600842AF8 /* TMovies.app */,
				1CDAF20F29A6587700842AF8 /* TMoviesTests.xctest */,
				1CDAF21929A6587800842AF8 /* TMoviesUITests.xctest */,
			);
			name = Products;
			sourceTree = "<group>";
		};
		1CDAF1FB29A6587600842AF8 /* TMovies */ = {
			isa = PBXGroup;
			children = (
				1CDAF23129A6614A00842AF8 /* CustomViews */,
				1CDAF23029A6613200842AF8 /* Data */,
				1CDAF22F29A6612900842AF8 /* Controllers */,
				1CDAF22E29A6611F00842AF8 /* Utility */,
				1CDAF1FC29A6587600842AF8 /* AppDelegate.swift */,
				1CDAF1FE29A6587600842AF8 /* SceneDelegate.swift */,
				1CDAF20229A6587600842AF8 /* Main.storyboard */,
				1CDAF20529A6587700842AF8 /* Assets.xcassets */,
				1CDAF20729A6587700842AF8 /* LaunchScreen.storyboard */,
				1CDAF20A29A6587700842AF8 /* Info.plist */,
			);
			path = TMovies;
			sourceTree = "<group>";
		};
		1CDAF21229A6587700842AF8 /* TMoviesTests */ = {
			isa = PBXGroup;
			children = (
				1CDAF21329A6587700842AF8 /* TMoviesTests.swift */,
			);
			path = TMoviesTests;
			sourceTree = "<group>";
		};
		1CDAF21C29A6587800842AF8 /* TMoviesUITests */ = {
			isa = PBXGroup;
			children = (
				1CDAF21D29A6587800842AF8 /* TMoviesUITests.swift */,
				1CDAF21F29A6587800842AF8 /* TMoviesUITestsLaunchTests.swift */,
			);
			path = TMoviesUITests;
			sourceTree = "<group>";
		};
		1CDAF22E29A6611F00842AF8 /* Utility */ = {
			isa = PBXGroup;
			children = (
				1CDE375A29A76A4100B2016D /* Protocols.swift */,
				1CDE376B29A81FCD00B2016D /* Constants.swift */,
			);
			path = Utility;
			sourceTree = "<group>";
		};
		1CDAF22F29A6612900842AF8 /* Controllers */ = {
			isa = PBXGroup;
			children = (
				1CDE376D29A9059B00B2016D /* Container */,
				1CDE376E29A9098200B2016D /* Home */,
				1CDE376229A7A27D00B2016D /* SideMenu */,
				1CDAF20029A6587600842AF8 /* ViewController.swift */,
			);
			path = Controllers;
			sourceTree = "<group>";
		};
		1CDAF23029A6613200842AF8 /* Data */ = {
			isa = PBXGroup;
			children = (
				1CDE376829A7B5B100B2016D /* MenuOptionItem.swift */,
			);
			path = Data;
			sourceTree = "<group>";
		};
		1CDAF23129A6614A00842AF8 /* CustomViews */ = {
			isa = PBXGroup;
			children = (
				1CDE376329A7AA6D00B2016D /* SideMenuCell */,
			);
			path = CustomViews;
			sourceTree = "<group>";
		};
		1CDE376229A7A27D00B2016D /* SideMenu */ = {
			isa = PBXGroup;
			children = (
				1CDE375E29A7A27800B2016D /* SideMenuViewController.swift */,
				1CDE375F29A7A27800B2016D /* SideMenuViewController.xib */,
			);
			path = SideMenu;
			sourceTree = "<group>";
		};
		1CDE376329A7AA6D00B2016D /* SideMenuCell */ = {
			isa = PBXGroup;
			children = (
				1CDE376429A7AABA00B2016D /* SideMenuCell.swift */,
				1CDE376529A7AABA00B2016D /* SideMenuCell.xib */,
			);
			path = SideMenuCell;
			sourceTree = "<group>";
		};
		1CDE376D29A9059B00B2016D /* Container */ = {
			isa = PBXGroup;
			children = (
				1CDAF23229A6692600842AF8 /* ContainerController.swift */,
			);
			path = Container;
			sourceTree = "<group>";
		};
		1CDE376E29A9098200B2016D /* Home */ = {
			isa = PBXGroup;
			children = (
				1CDAF23429A6693600842AF8 /* HomeController.swift */,
			);
			path = Home;
			sourceTree = "<group>";
		};
/* End PBXGroup section */

/* Begin PBXNativeTarget section */
		1CDAF1F829A6587600842AF8 /* TMovies */ = {
			isa = PBXNativeTarget;
			buildConfigurationList = 1CDAF22329A6587800842AF8 /* Build configuration list for PBXNativeTarget "TMovies" */;
			buildPhases = (
				1CDAF1F529A6587600842AF8 /* Sources */,
				1CDAF1F629A6587600842AF8 /* Frameworks */,
				1CDAF1F729A6587600842AF8 /* Resources */,
			);
			buildRules = (
			);
			dependencies = (
			);
			name = TMovies;
			productName = TMovies;
			productReference = 1CDAF1F929A6587600842AF8 /* TMovies.app */;
			productType = "com.apple.product-type.application";
		};
		1CDAF20E29A6587700842AF8 /* TMoviesTests */ = {
			isa = PBXNativeTarget;
			buildConfigurationList = 1CDAF22629A6587800842AF8 /* Build configuration list for PBXNativeTarget "TMoviesTests" */;
			buildPhases = (
				1CDAF20B29A6587700842AF8 /* Sources */,
				1CDAF20C29A6587700842AF8 /* Frameworks */,
				1CDAF20D29A6587700842AF8 /* Resources */,
			);
			buildRules = (
			);
			dependencies = (
				1CDAF21129A6587700842AF8 /* PBXTargetDependency */,
			);
			name = TMoviesTests;
			productName = TMoviesTests;
			productReference = 1CDAF20F29A6587700842AF8 /* TMoviesTests.xctest */;
			productType = "com.apple.product-type.bundle.unit-test";
		};
		1CDAF21829A6587800842AF8 /* TMoviesUITests */ = {
			isa = PBXNativeTarget;
			buildConfigurationList = 1CDAF22929A6587800842AF8 /* Build configuration list for PBXNativeTarget "TMoviesUITests" */;
			buildPhases = (
				1CDAF21529A6587800842AF8 /* Sources */,
				1CDAF21629A6587800842AF8 /* Frameworks */,
				1CDAF21729A6587800842AF8 /* Resources */,
			);
			buildRules = (
			);
			dependencies = (
				1CDAF21B29A6587800842AF8 /* PBXTargetDependency */,
			);
			name = TMoviesUITests;
			productName = TMoviesUITests;
			productReference = 1CDAF21929A6587800842AF8 /* TMoviesUITests.xctest */;
			productType = "com.apple.product-type.bundle.ui-testing";
		};
/* End PBXNativeTarget section */

/* Begin PBXProject section */
		1CDAF1F129A6587600842AF8 /* Project object */ = {
			isa = PBXProject;
			attributes = {
				BuildIndependentTargetsInParallel = 1;
				LastSwiftUpdateCheck = 1420;
				LastUpgradeCheck = 1420;
				TargetAttributes = {
					1CDAF1F829A6587600842AF8 = {
						CreatedOnToolsVersion = 14.2;
					};
					1CDAF20E29A6587700842AF8 = {
						CreatedOnToolsVersion = 14.2;
						TestTargetID = 1CDAF1F829A6587600842AF8;
					};
					1CDAF21829A6587800842AF8 = {
						CreatedOnToolsVersion = 14.2;
						TestTargetID = 1CDAF1F829A6587600842AF8;
					};
				};
			};
			buildConfigurationList = 1CDAF1F429A6587600842AF8 /* Build configuration list for PBXProject "TMovies" */;
			compatibilityVersion = "Xcode 14.0";
			developmentRegion = en;
			hasScannedForEncodings = 0;
			knownRegions = (
				en,
				Base,
			);
			mainGroup = 1CDAF1F029A6587600842AF8;
			productRefGroup = 1CDAF1FA29A6587600842AF8 /* Products */;
			projectDirPath = "";
			projectRoot = "";
			targets = (
				1CDAF1F829A6587600842AF8 /* TMovies */,
				1CDAF20E29A6587700842AF8 /* TMoviesTests */,
				1CDAF21829A6587800842AF8 /* TMoviesUITests */,
			);
		};
/* End PBXProject section */

/* Begin PBXResourcesBuildPhase section */
		1CDAF1F729A6587600842AF8 /* Resources */ = {
			isa = PBXResourcesBuildPhase;
			buildActionMask = 2147483647;
			files = (
				1CDE376129A7A27800B2016D /* SideMenuViewController.xib in Resources */,
				1CDAF20929A6587700842AF8 /* LaunchScreen.storyboard in Resources */,
				1CDAF20629A6587700842AF8 /* Assets.xcassets in Resources */,
				1CDE376729A7AABA00B2016D /* SideMenuCell.xib in Resources */,
				1CDAF20429A6587600842AF8 /* Main.storyboard in Resources */,
			);
			runOnlyForDeploymentPostprocessing = 0;
		};
		1CDAF20D29A6587700842AF8 /* Resources */ = {
			isa = PBXResourcesBuildPhase;
			buildActionMask = 2147483647;
			files = (
			);
			runOnlyForDeploymentPostprocessing = 0;
		};
		1CDAF21729A6587800842AF8 /* Resources */ = {
			isa = PBXResourcesBuildPhase;
			buildActionMask = 2147483647;
			files = (
			);
			runOnlyForDeploymentPostprocessing = 0;
		};
/* End PBXResourcesBuildPhase section */

/* Begin PBXSourcesBuildPhase section */
		1CDAF1F529A6587600842AF8 /* Sources */ = {
			isa = PBXSourcesBuildPhase;
			buildActionMask = 2147483647;
			files = (
				1CDAF20129A6587600842AF8 /* ViewController.swift in Sources */,
				1CDE376629A7AABA00B2016D /* SideMenuCell.swift in Sources */,
				1CDAF1FD29A6587600842AF8 /* AppDelegate.swift in Sources */,
				1CDE375B29A76A4100B2016D /* Protocols.swift in Sources */,
				1CDE376929A7B5B100B2016D /* MenuOptionItem.swift in Sources */,
				1CDE376C29A81FCD00B2016D /* Constants.swift in Sources */,
				1CDAF1FF29A6587600842AF8 /* SceneDelegate.swift in Sources */,
				1CDAF23329A6692600842AF8 /* ContainerController.swift in Sources */,
				1CDE376029A7A27800B2016D /* SideMenuViewController.swift in Sources */,
				1CDAF23529A6693600842AF8 /* HomeController.swift in Sources */,
			);
			runOnlyForDeploymentPostprocessing = 0;
		};
		1CDAF20B29A6587700842AF8 /* Sources */ = {
			isa = PBXSourcesBuildPhase;
			buildActionMask = 2147483647;
			files = (
				1CDAF21429A6587700842AF8 /* TMoviesTests.swift in Sources */,
			);
			runOnlyForDeploymentPostprocessing = 0;
		};
		1CDAF21529A6587800842AF8 /* Sources */ = {
			isa = PBXSourcesBuildPhase;
			buildActionMask = 2147483647;
			files = (
				1CDAF22029A6587800842AF8 /* TMoviesUITestsLaunchTests.swift in Sources */,
				1CDAF21E29A6587800842AF8 /* TMoviesUITests.swift in Sources */,
			);
			runOnlyForDeploymentPostprocessing = 0;
		};
/* End PBXSourcesBuildPhase section */

/* Begin PBXTargetDependency section */
		1CDAF21129A6587700842AF8 /* PBXTargetDependency */ = {
			isa = PBXTargetDependency;
			target = 1CDAF1F829A6587600842AF8 /* TMovies */;
			targetProxy = 1CDAF21029A6587700842AF8 /* PBXContainerItemProxy */;
		};
		1CDAF21B29A6587800842AF8 /* PBXTargetDependency */ = {
			isa = PBXTargetDependency;
			target = 1CDAF1F829A6587600842AF8 /* TMovies */;
			targetProxy = 1CDAF21A29A6587800842AF8 /* PBXContainerItemProxy */;
		};
/* End PBXTargetDependency section */

/* Begin PBXVariantGroup section */
		1CDAF20229A6587600842AF8 /* Main.storyboard */ = {
			isa = PBXVariantGroup;
			children = (
				1CDAF20329A6587600842AF8 /* Base */,
			);
			name = Main.storyboard;
			sourceTree = "<group>";
		};
		1CDAF20729A6587700842AF8 /* LaunchScreen.storyboard */ = {
			isa = PBXVariantGroup;
			children = (
				1CDAF20829A6587700842AF8 /* Base */,
			);
			name = LaunchScreen.storyboard;
			sourceTree = "<group>";
		};
/* End PBXVariantGroup section */

/* Begin XCBuildConfiguration section */
		1CDAF22129A6587800842AF8 /* Debug */ = {
			isa = XCBuildConfiguration;
			buildSettings = {
				ALWAYS_SEARCH_USER_PATHS = NO;
				CLANG_ANALYZER_NONNULL = YES;
				CLANG_ANALYZER_NUMBER_OBJECT_CONVERSION = YES_AGGRESSIVE;
				CLANG_CXX_LANGUAGE_STANDARD = "gnu++20";
				CLANG_ENABLE_MODULES = YES;
				CLANG_ENABLE_OBJC_ARC = YES;
				CLANG_ENABLE_OBJC_WEAK = YES;
				CLANG_WARN_BLOCK_CAPTURE_AUTORELEASING = YES;
				CLANG_WARN_BOOL_CONVERSION = YES;
				CLANG_WARN_COMMA = YES;
				CLANG_WARN_CONSTANT_CONVERSION = YES;
				CLANG_WARN_DEPRECATED_OBJC_IMPLEMENTATIONS = YES;
				CLANG_WARN_DIRECT_OBJC_ISA_USAGE = YES_ERROR;
				CLANG_WARN_DOCUMENTATION_COMMENTS = YES;
				CLANG_WARN_EMPTY_BODY = YES;
				CLANG_WARN_ENUM_CONVERSION = YES;
				CLANG_WARN_INFINITE_RECURSION = YES;
				CLANG_WARN_INT_CONVERSION = YES;
				CLANG_WARN_NON_LITERAL_NULL_CONVERSION = YES;
				CLANG_WARN_OBJC_IMPLICIT_RETAIN_SELF = YES;
				CLANG_WARN_OBJC_LITERAL_CONVERSION = YES;
				CLANG_WARN_OBJC_ROOT_CLASS = YES_ERROR;
				CLANG_WARN_QUOTED_INCLUDE_IN_FRAMEWORK_HEADER = YES;
				CLANG_WARN_RANGE_LOOP_ANALYSIS = YES;
				CLANG_WARN_STRICT_PROTOTYPES = YES;
				CLANG_WARN_SUSPICIOUS_MOVE = YES;
				CLANG_WARN_UNGUARDED_AVAILABILITY = YES_AGGRESSIVE;
				CLANG_WARN_UNREACHABLE_CODE = YES;
				CLANG_WARN__DUPLICATE_METHOD_MATCH = YES;
				COPY_PHASE_STRIP = NO;
				DEBUG_INFORMATION_FORMAT = dwarf;
				ENABLE_STRICT_OBJC_MSGSEND = YES;
				ENABLE_TESTABILITY = YES;
				GCC_C_LANGUAGE_STANDARD = gnu11;
				GCC_DYNAMIC_NO_PIC = NO;
				GCC_NO_COMMON_BLOCKS = YES;
				GCC_OPTIMIZATION_LEVEL = 0;
				GCC_PREPROCESSOR_DEFINITIONS = (
					"DEBUG=1",
					"$(inherited)",
				);
				GCC_WARN_64_TO_32_BIT_CONVERSION = YES;
				GCC_WARN_ABOUT_RETURN_TYPE = YES_ERROR;
				GCC_WARN_UNDECLARED_SELECTOR = YES;
				GCC_WARN_UNINITIALIZED_AUTOS = YES_AGGRESSIVE;
				GCC_WARN_UNUSED_FUNCTION = YES;
				GCC_WARN_UNUSED_VARIABLE = YES;
				IPHONEOS_DEPLOYMENT_TARGET = 16.2;
				MTL_ENABLE_DEBUG_INFO = INCLUDE_SOURCE;
				MTL_FAST_MATH = YES;
				ONLY_ACTIVE_ARCH = YES;
				SDKROOT = iphoneos;
				SWIFT_ACTIVE_COMPILATION_CONDITIONS = DEBUG;
				SWIFT_OPTIMIZATION_LEVEL = "-Onone";
			};
			name = Debug;
		};
		1CDAF22229A6587800842AF8 /* Release */ = {
			isa = XCBuildConfiguration;
			buildSettings = {
				ALWAYS_SEARCH_USER_PATHS = NO;
				CLANG_ANALYZER_NONNULL = YES;
				CLANG_ANALYZER_NUMBER_OBJECT_CONVERSION = YES_AGGRESSIVE;
				CLANG_CXX_LANGUAGE_STANDARD = "gnu++20";
				CLANG_ENABLE_MODULES = YES;
				CLANG_ENABLE_OBJC_ARC = YES;
				CLANG_ENABLE_OBJC_WEAK = YES;
				CLANG_WARN_BLOCK_CAPTURE_AUTORELEASING = YES;
				CLANG_WARN_BOOL_CONVERSION = YES;
				CLANG_WARN_COMMA = YES;
				CLANG_WARN_CONSTANT_CONVERSION = YES;
				CLANG_WARN_DEPRECATED_OBJC_IMPLEMENTATIONS = YES;
				CLANG_WARN_DIRECT_OBJC_ISA_USAGE = YES_ERROR;
				CLANG_WARN_DOCUMENTATION_COMMENTS = YES;
				CLANG_WARN_EMPTY_BODY = YES;
				CLANG_WARN_ENUM_CONVERSION = YES;
				CLANG_WARN_INFINITE_RECURSION = YES;
				CLANG_WARN_INT_CONVERSION = YES;
				CLANG_WARN_NON_LITERAL_NULL_CONVERSION = YES;
				CLANG_WARN_OBJC_IMPLICIT_RETAIN_SELF = YES;
				CLANG_WARN_OBJC_LITERAL_CONVERSION = YES;
				CLANG_WARN_OBJC_ROOT_CLASS = YES_ERROR;
				CLANG_WARN_QUOTED_INCLUDE_IN_FRAMEWORK_HEADER = YES;
				CLANG_WARN_RANGE_LOOP_ANALYSIS = YES;
				CLANG_WARN_STRICT_PROTOTYPES = YES;
				CLANG_WARN_SUSPICIOUS_MOVE = YES;
				CLANG_WARN_UNGUARDED_AVAILABILITY = YES_AGGRESSIVE;
				CLANG_WARN_UNREACHABLE_CODE = YES;
				CLANG_WARN__DUPLICATE_METHOD_MATCH = YES;
				COPY_PHASE_STRIP = NO;
				DEBUG_INFORMATION_FORMAT = "dwarf-with-dsym";
				ENABLE_NS_ASSERTIONS = NO;
				ENABLE_STRICT_OBJC_MSGSEND = YES;
				GCC_C_LANGUAGE_STANDARD = gnu11;
				GCC_NO_COMMON_BLOCKS = YES;
				GCC_WARN_64_TO_32_BIT_CONVERSION = YES;
				GCC_WARN_ABOUT_RETURN_TYPE = YES_ERROR;
				GCC_WARN_UNDECLARED_SELECTOR = YES;
				GCC_WARN_UNINITIALIZED_AUTOS = YES_AGGRESSIVE;
				GCC_WARN_UNUSED_FUNCTION = YES;
				GCC_WARN_UNUSED_VARIABLE = YES;
				IPHONEOS_DEPLOYMENT_TARGET = 16.2;
				MTL_ENABLE_DEBUG_INFO = NO;
				MTL_FAST_MATH = YES;
				SDKROOT = iphoneos;
				SWIFT_COMPILATION_MODE = wholemodule;
				SWIFT_OPTIMIZATION_LEVEL = "-O";
				VALIDATE_PRODUCT = YES;
			};
			name = Release;
		};
		1CDAF22429A6587800842AF8 /* Debug */ = {
			isa = XCBuildConfiguration;
			buildSettings = {
				ASSETCATALOG_COMPILER_APPICON_NAME = AppIcon;
				ASSETCATALOG_COMPILER_GLOBAL_ACCENT_COLOR_NAME = AccentColor;
				CODE_SIGN_STYLE = Automatic;
				CURRENT_PROJECT_VERSION = 1;
				DEVELOPMENT_TEAM = B379B8Y2BC;
				GENERATE_INFOPLIST_FILE = YES;
				INFOPLIST_FILE = TMovies/Info.plist;
				INFOPLIST_KEY_UIApplicationSupportsIndirectInputEvents = YES;
				INFOPLIST_KEY_UILaunchStoryboardName = LaunchScreen;
				INFOPLIST_KEY_UIMainStoryboardFile = Main;
				INFOPLIST_KEY_UISupportedInterfaceOrientations_iPad = "UIInterfaceOrientationPortrait UIInterfaceOrientationPortraitUpsideDown UIInterfaceOrientationLandscapeLeft UIInterfaceOrientationLandscapeRight";
				INFOPLIST_KEY_UISupportedInterfaceOrientations_iPhone = "UIInterfaceOrientationPortrait UIInterfaceOrientationLandscapeLeft UIInterfaceOrientationLandscapeRight";
				LD_RUNPATH_SEARCH_PATHS = (
					"$(inherited)",
					"@executable_path/Frameworks",
				);
				MARKETING_VERSION = 1.0;
				PRODUCT_BUNDLE_IDENTIFIER = "com.taha.advanced-note.TMovies";
				PRODUCT_NAME = "$(TARGET_NAME)";
				SWIFT_EMIT_LOC_STRINGS = YES;
				SWIFT_VERSION = 5.0;
				TARGETED_DEVICE_FAMILY = "1,2";
			};
			name = Debug;
		};
		1CDAF22529A6587800842AF8 /* Release */ = {
			isa = XCBuildConfiguration;
			buildSettings = {
				ASSETCATALOG_COMPILER_APPICON_NAME = AppIcon;
				ASSETCATALOG_COMPILER_GLOBAL_ACCENT_COLOR_NAME = AccentColor;
				CODE_SIGN_STYLE = Automatic;
				CURRENT_PROJECT_VERSION = 1;
				DEVELOPMENT_TEAM = B379B8Y2BC;
				GENERATE_INFOPLIST_FILE = YES;
				INFOPLIST_FILE = TMovies/Info.plist;
				INFOPLIST_KEY_UIApplicationSupportsIndirectInputEvents = YES;
				INFOPLIST_KEY_UILaunchStoryboardName = LaunchScreen;
				INFOPLIST_KEY_UIMainStoryboardFile = Main;
				INFOPLIST_KEY_UISupportedInterfaceOrientations_iPad = "UIInterfaceOrientationPortrait UIInterfaceOrientationPortraitUpsideDown UIInterfaceOrientationLandscapeLeft UIInterfaceOrientationLandscapeRight";
				INFOPLIST_KEY_UISupportedInterfaceOrientations_iPhone = "UIInterfaceOrientationPortrait UIInterfaceOrientationLandscapeLeft UIInterfaceOrientationLandscapeRight";
				LD_RUNPATH_SEARCH_PATHS = (
					"$(inherited)",
					"@executable_path/Frameworks",
				);
				MARKETING_VERSION = 1.0;
				PRODUCT_BUNDLE_IDENTIFIER = "com.taha.advanced-note.TMovies";
				PRODUCT_NAME = "$(TARGET_NAME)";
				SWIFT_EMIT_LOC_STRINGS = YES;
				SWIFT_VERSION = 5.0;
				TARGETED_DEVICE_FAMILY = "1,2";
			};
			name = Release;
		};
		1CDAF22729A6587800842AF8 /* Debug */ = {
			isa = XCBuildConfiguration;
			buildSettings = {
				ALWAYS_EMBED_SWIFT_STANDARD_LIBRARIES = YES;
				BUNDLE_LOADER = "$(TEST_HOST)";
				CODE_SIGN_STYLE = Automatic;
				CURRENT_PROJECT_VERSION = 1;
				DEVELOPMENT_TEAM = B379B8Y2BC;
				GENERATE_INFOPLIST_FILE = YES;
				IPHONEOS_DEPLOYMENT_TARGET = 16.2;
				MARKETING_VERSION = 1.0;
				PRODUCT_BUNDLE_IDENTIFIER = "com.taha.advanced-note.TMoviesTests";
				PRODUCT_NAME = "$(TARGET_NAME)";
				SWIFT_EMIT_LOC_STRINGS = NO;
				SWIFT_VERSION = 5.0;
				TARGETED_DEVICE_FAMILY = "1,2";
				TEST_HOST = "$(BUILT_PRODUCTS_DIR)/TMovies.app/$(BUNDLE_EXECUTABLE_FOLDER_PATH)/TMovies";
			};
			name = Debug;
		};
		1CDAF22829A6587800842AF8 /* Release */ = {
			isa = XCBuildConfiguration;
			buildSettings = {
				ALWAYS_EMBED_SWIFT_STANDARD_LIBRARIES = YES;
				BUNDLE_LOADER = "$(TEST_HOST)";
				CODE_SIGN_STYLE = Automatic;
				CURRENT_PROJECT_VERSION = 1;
				DEVELOPMENT_TEAM = B379B8Y2BC;
				GENERATE_INFOPLIST_FILE = YES;
				IPHONEOS_DEPLOYMENT_TARGET = 16.2;
				MARKETING_VERSION = 1.0;
				PRODUCT_BUNDLE_IDENTIFIER = "com.taha.advanced-note.TMoviesTests";
				PRODUCT_NAME = "$(TARGET_NAME)";
				SWIFT_EMIT_LOC_STRINGS = NO;
				SWIFT_VERSION = 5.0;
				TARGETED_DEVICE_FAMILY = "1,2";
				TEST_HOST = "$(BUILT_PRODUCTS_DIR)/TMovies.app/$(BUNDLE_EXECUTABLE_FOLDER_PATH)/TMovies";
			};
			name = Release;
		};
		1CDAF22A29A6587800842AF8 /* Debug */ = {
			isa = XCBuildConfiguration;
			buildSettings = {
				ALWAYS_EMBED_SWIFT_STANDARD_LIBRARIES = YES;
				CODE_SIGN_STYLE = Automatic;
				CURRENT_PROJECT_VERSION = 1;
				DEVELOPMENT_TEAM = B379B8Y2BC;
				GENERATE_INFOPLIST_FILE = YES;
				MARKETING_VERSION = 1.0;
				PRODUCT_BUNDLE_IDENTIFIER = "com.taha.advanced-note.TMoviesUITests";
				PRODUCT_NAME = "$(TARGET_NAME)";
				SWIFT_EMIT_LOC_STRINGS = NO;
				SWIFT_VERSION = 5.0;
				TARGETED_DEVICE_FAMILY = "1,2";
				TEST_TARGET_NAME = TMovies;
			};
			name = Debug;
		};
		1CDAF22B29A6587800842AF8 /* Release */ = {
			isa = XCBuildConfiguration;
			buildSettings = {
				ALWAYS_EMBED_SWIFT_STANDARD_LIBRARIES = YES;
				CODE_SIGN_STYLE = Automatic;
				CURRENT_PROJECT_VERSION = 1;
				DEVELOPMENT_TEAM = B379B8Y2BC;
				GENERATE_INFOPLIST_FILE = YES;
				MARKETING_VERSION = 1.0;
				PRODUCT_BUNDLE_IDENTIFIER = "com.taha.advanced-note.TMoviesUITests";
				PRODUCT_NAME = "$(TARGET_NAME)";
				SWIFT_EMIT_LOC_STRINGS = NO;
				SWIFT_VERSION = 5.0;
				TARGETED_DEVICE_FAMILY = "1,2";
				TEST_TARGET_NAME = TMovies;
			};
			name = Release;
		};
/* End XCBuildConfiguration section */

/* Begin XCConfigurationList section */
		1CDAF1F429A6587600842AF8 /* Build configuration list for PBXProject "TMovies" */ = {
			isa = XCConfigurationList;
			buildConfigurations = (
				1CDAF22129A6587800842AF8 /* Debug */,
				1CDAF22229A6587800842AF8 /* Release */,
			);
			defaultConfigurationIsVisible = 0;
			defaultConfigurationName = Release;
		};
		1CDAF22329A6587800842AF8 /* Build configuration list for PBXNativeTarget "TMovies" */ = {
			isa = XCConfigurationList;
			buildConfigurations = (
				1CDAF22429A6587800842AF8 /* Debug */,
				1CDAF22529A6587800842AF8 /* Release */,
			);
			defaultConfigurationIsVisible = 0;
			defaultConfigurationName = Release;
		};
		1CDAF22629A6587800842AF8 /* Build configuration list for PBXNativeTarget "TMoviesTests" */ = {
			isa = XCConfigurationList;
			buildConfigurations = (
				1CDAF22729A6587800842AF8 /* Debug */,
				1CDAF22829A6587800842AF8 /* Release */,
			);
			defaultConfigurationIsVisible = 0;
			defaultConfigurationName = Release;
		};
		1CDAF22929A6587800842AF8 /* Build configuration list for PBXNativeTarget "TMoviesUITests" */ = {
			isa = XCConfigurationList;
			buildConfigurations = (
				1CDAF22A29A6587800842AF8 /* Debug */,
				1CDAF22B29A6587800842AF8 /* Release */,
			);
			defaultConfigurationIsVisible = 0;
			defaultConfigurationName = Release;
		};
/* End XCConfigurationList section */
	};
	rootObject = 1CDAF1F129A6587600842AF8 /* Project object */;
}
